
Microsoft Visual Studio Solution File, Format Version 12.00
# Visual Studio 2012
Project("{FAE04EC0-301F-11D3-BF4B-00C04F79EFBC}") = "GenerateICS", "GenerateICS\GenerateICS.csproj", "{197FD99C-4F27-4499-9856-43B5E5BA995D}"
EndProject
Global
	GlobalSection(SolutionConfigurationPlatforms) = preSolution
		Debug|Any CPU = Debug|Any CPU
		Release|Any CPU = Release|Any CPU
	EndGlobalSection
	GlobalSection(ProjectConfigurationPlatforms) = postSolution
		{197FD99C-4F27-4499-9856-43B5E5BA995D}.Debug|Any CPU.ActiveCfg = Debug|Any CPU
		{197FD99C-4F27-4499-9856-43B5E5BA995D}.Debug|Any CPU.Build.0 = Debug|Any CPU
		{197FD99C-4F27-4499-9856-43B5E5BA995D}.Release|Any CPU.ActiveCfg = Release|Any CPU
		{197FD99C-4F27-4499-9856-43B5E5BA995D}.Release|Any CPU.Build.0 = Release|Any CPU
	EndGlobalSection
	GlobalSection(SolutionProperties) = preSolution
		HideSolutionNode = FALSE
	EndGlobalSection
EndGlobal
